
Microsoft Visual Studio Solution File, Format Version 12.00
# Visual Studio Version 16
VisualStudioVersion = 16.0.31515.178
MinimumVisualStudioVersion = 10.0.40219.1
Project("{F184B08F-C81C-45F6-A57F-5ABD9991F28F}") = "Operators-F21", "Operators-F21\Operators-F21.vbproj", "{A3A18DD8-B4F2-423B-98D9-2FFAE71DB309}"
EndProject
Global
	GlobalSection(SolutionConfigurationPlatforms) = preSolution
		Debug|Any CPU = Debug|Any CPU
		Release|Any CPU = Release|Any CPU
	EndGlobalSection
	GlobalSection(ProjectConfigurationPlatforms) = postSolution
		{A3A18DD8-B4F2-423B-98D9-2FFAE71DB309}.Debug|Any CPU.ActiveCfg = Debug|Any CPU
		{A3A18DD8-B4F2-423B-98D9-2FFAE71DB309}.Debug|Any CPU.Build.0 = Debug|Any CPU
		{A3A18DD8-B4F2-423B-98D9-2FFAE71DB309}.Release|Any CPU.ActiveCfg = Release|Any CPU
		{A3A18DD8-B4F2-423B-98D9-2FFAE71DB309}.Release|Any CPU.Build.0 = Release|Any CPU
	EndGlobalSection
	GlobalSection(SolutionProperties) = preSolution
		HideSolutionNode = FALSE
	EndGlobalSection
	GlobalSection(ExtensibilityGlobals) = postSolution
		SolutionGuid = {1B7CAA9B-D1FD-414F-AB63-72BC363CFAD6}
	EndGlobalSection
EndGlobal
